
Microsoft Visual Studio Solution File, Format Version 12.00
# Visual Studio 2013
VisualStudioVersion = 12.0.31101.0
MinimumVisualStudioVersion = 10.0.40219.1
Project("{FAE04EC0-301F-11D3-BF4B-00C04F79EFBC}") = "MachinaAurum.Automatons", "MachinaAurum.Automatons.csproj", "{8ABE26AE-E41F-4B18-8B46-00F03AD40205}"
EndProject
Project("{F088123C-0E9E-452A-89E6-6BA2F21D5CAC}") = "MachinaAurum.Automatons.Modeling", "..\MachinaAurum.Automatons.Modeling\MachinaAurum.Automatons.Modeling.modelproj", "{C1E3E4D9-907C-4B37-A61C-D8351F0D3514}"
EndProject
Project("{FAE04EC0-301F-11D3-BF4B-00C04F79EFBC}") = "MachinaAurum.Automatons.Reactive", "..\MachinaAurum.Automatons.Reactive\MachinaAurum.Automatons.Reactive.csproj", "{CAB6E56F-0DEA-463E-9A6E-6B5D57B7622C}"
EndProject
Project("{FAE04EC0-301F-11D3-BF4B-00C04F79EFBC}") = "MachinaAurum.Automatons.Tests", "..\MachinaAurum.Automatons.Tests\MachinaAurum.Automatons.Tests.csproj", "{E531DF27-491E-4CE9-8976-5CA4A63CDE45}"
EndProject
Global
	GlobalSection(SolutionConfigurationPlatforms) = preSolution
		Debug|Any CPU = Debug|Any CPU
		Release|Any CPU = Release|Any CPU
	EndGlobalSection
	GlobalSection(ProjectConfigurationPlatforms) = postSolution
		{8ABE26AE-E41F-4B18-8B46-00F03AD40205}.Debug|Any CPU.ActiveCfg = Debug|Any CPU
		{8ABE26AE-E41F-4B18-8B46-00F03AD40205}.Debug|Any CPU.Build.0 = Debug|Any CPU
		{8ABE26AE-E41F-4B18-8B46-00F03AD40205}.Release|Any CPU.ActiveCfg = Release|Any CPU
		{8ABE26AE-E41F-4B18-8B46-00F03AD40205}.Release|Any CPU.Build.0 = Release|Any CPU
		{C1E3E4D9-907C-4B37-A61C-D8351F0D3514}.Debug|Any CPU.ActiveCfg = Debug|Any CPU
		{C1E3E4D9-907C-4B37-A61C-D8351F0D3514}.Debug|Any CPU.Build.0 = Debug|Any CPU
		{C1E3E4D9-907C-4B37-A61C-D8351F0D3514}.Release|Any CPU.ActiveCfg = Release|Any CPU
		{C1E3E4D9-907C-4B37-A61C-D8351F0D3514}.Release|Any CPU.Build.0 = Release|Any CPU
		{CAB6E56F-0DEA-463E-9A6E-6B5D57B7622C}.Debug|Any CPU.ActiveCfg = Debug|Any CPU
		{CAB6E56F-0DEA-463E-9A6E-6B5D57B7622C}.Debug|Any CPU.Build.0 = Debug|Any CPU
		{CAB6E56F-0DEA-463E-9A6E-6B5D57B7622C}.Release|Any CPU.ActiveCfg = Release|Any CPU
		{CAB6E56F-0DEA-463E-9A6E-6B5D57B7622C}.Release|Any CPU.Build.0 = Release|Any CPU
		{E531DF27-491E-4CE9-8976-5CA4A63CDE45}.Debug|Any CPU.ActiveCfg = Debug|Any CPU
		{E531DF27-491E-4CE9-8976-5CA4A63CDE45}.Debug|Any CPU.Build.0 = Debug|Any CPU
		{E531DF27-491E-4CE9-8976-5CA4A63CDE45}.Release|Any CPU.ActiveCfg = Release|Any CPU
		{E531DF27-491E-4CE9-8976-5CA4A63CDE45}.Release|Any CPU.Build.0 = Release|Any CPU
	EndGlobalSection
	GlobalSection(SolutionProperties) = preSolution
		HideSolutionNode = FALSE
	EndGlobalSection
EndGlobal
